
Microsoft Visual Studio Solution File, Format Version 12.00
# Visual Studio 15
VisualStudioVersion = 15.0.28307.539
MinimumVisualStudioVersion = 10.0.40219.1
Project("{FAE04EC0-301F-11D3-BF4B-00C04F79EFBC}") = "WindowsFormsApp1", "WindowsFormsApp1\WindowsFormsApp1.csproj", "{671D961F-FB4A-4BB5-A48A-693097C85881}"
EndProject
Global
	GlobalSection(SolutionConfigurationPlatforms) = preSolution
		Debug|Any CPU = Debug|Any CPU
		Release|Any CPU = Release|Any CPU
	EndGlobalSection
	GlobalSection(ProjectConfigurationPlatforms) = postSolution
		{671D961F-FB4A-4BB5-A48A-693097C85881}.Debug|Any CPU.ActiveCfg = Debug|Any CPU
		{671D961F-FB4A-4BB5-A48A-693097C85881}.Debug|Any CPU.Build.0 = Debug|Any CPU
		{671D961F-FB4A-4BB5-A48A-693097C85881}.Release|Any CPU.ActiveCfg = Release|Any CPU
		{671D961F-FB4A-4BB5-A48A-693097C85881}.Release|Any CPU.Build.0 = Release|Any CPU
	EndGlobalSection
	GlobalSection(SolutionProperties) = preSolution
		HideSolutionNode = FALSE
	EndGlobalSection
	GlobalSection(ExtensibilityGlobals) = postSolution
		SolutionGuid = {D7A57858-2796-4812-9BF2-27050A19F5A8}
	EndGlobalSection
EndGlobal
